
Microsoft Visual Studio Solution File, Format Version 12.00
# Visual Studio Version 16
VisualStudioVersion = 16.0.31205.134
MinimumVisualStudioVersion = 10.0.40219.1
Project("{FAE04EC0-301F-11D3-BF4B-00C04F79EFBC}") = "MobileChatApp", "MobileChatApp\MobileChatApp.csproj", "{816BF854-A082-4E1F-805C-35D252D69843}"
EndProject
Global
	GlobalSection(SolutionConfigurationPlatforms) = preSolution
		Debug|Any CPU = Debug|Any CPU
		Release|Any CPU = Release|Any CPU
	EndGlobalSection
	GlobalSection(ProjectConfigurationPlatforms) = postSolution
		{816BF854-A082-4E1F-805C-35D252D69843}.Debug|Any CPU.ActiveCfg = Debug|Any CPU
		{816BF854-A082-4E1F-805C-35D252D69843}.Debug|Any CPU.Build.0 = Debug|Any CPU
		{816BF854-A082-4E1F-805C-35D252D69843}.Debug|Any CPU.Deploy.0 = Debug|Any CPU
		{816BF854-A082-4E1F-805C-35D252D69843}.Release|Any CPU.ActiveCfg = Release|Any CPU
		{816BF854-A082-4E1F-805C-35D252D69843}.Release|Any CPU.Build.0 = Release|Any CPU
		{816BF854-A082-4E1F-805C-35D252D69843}.Release|Any CPU.Deploy.0 = Release|Any CPU
	EndGlobalSection
	GlobalSection(SolutionProperties) = preSolution
		HideSolutionNode = FALSE
	EndGlobalSection
	GlobalSection(ExtensibilityGlobals) = postSolution
		SolutionGuid = {36CCE29A-12E6-47B0-A8A7-538FE85DC9B9}
	EndGlobalSection
EndGlobal
